PODS:
  - A (1):
    - B_Category
  - A_Category (1):
    - CTMediator
  - B_Category (1.1):
    - CTMediator
  - CTMediator (25)

DEPENDENCIES:
  - A (from `../A`)
  - A_Category (from `../A_Category`)
  - CTMediator

SPEC REPOS:
  https://github.com/cocoapods/specs.git:
    - B_Category
    - CTMediator

EXTERNAL SOURCES:
  A:
    :path: "../A"
  A_Category:
    :path: "../A_Category"

SPEC CHECKSUMS:
  A: 26dd9a6969cfff7746d4c631bd51770aabc45a79
  A_Category: 8713837002dc1ae61c678b3bb51e82ea007bb40e
  B_Category: d643bbbb97fcb1271c9f298a762a385d1c3e7bf9
  CTMediator: 830c1fc204b3a6abf2a059510c7380f56343da0f

PODFILE CHECKSUM: 281710b49554fb558b7c9512d24ecc10893da797

COCOAPODS: 1.5.2
